
Microsoft Visual Studio Solution File, Format Version 12.00
# Visual Studio Version 16
VisualStudioVersion = 16.0.31205.134
MinimumVisualStudioVersion = 10.0.40219.1
Project("{FAE04EC0-301F-11D3-BF4B-00C04F79EFBC}") = "DPAPISnoop", "DPAPISnoop\DPAPISnoop.csproj", "{6A2B7921-0069-4BF3-8FB3-941EF356FB40}"
EndProject
Global
	GlobalSection(SolutionConfigurationPlatforms) = preSolution
		Debug|Any CPU = Debug|Any CPU
		Release|Any CPU = Release|Any CPU
	EndGlobalSection
	GlobalSection(ProjectConfigurationPlatforms) = postSolution
		{6A2B7921-0069-4BF3-8FB3-941EF356FB40}.Debug|Any CPU.ActiveCfg = Debug|Any CPU
		{6A2B7921-0069-4BF3-8FB3-941EF356FB40}.Debug|Any CPU.Build.0 = Debug|Any CPU
		{6A2B7921-0069-4BF3-8FB3-941EF356FB40}.Release|Any CPU.ActiveCfg = Release|Any CPU
		{6A2B7921-0069-4BF3-8FB3-941EF356FB40}.Release|Any CPU.Build.0 = Release|Any CPU
	EndGlobalSection
	GlobalSection(SolutionProperties) = preSolution
		HideSolutionNode = FALSE
	EndGlobalSection
	GlobalSection(ExtensibilityGlobals) = postSolution
		SolutionGuid = {4C8262C6-1F8A-4595-B570-F5991A62858A}
	EndGlobalSection
EndGlobal
